
Microsoft Visual Studio Solution File, Format Version 12.00
# Visual Studio Version 16
VisualStudioVersion = 16.0.31424.327
MinimumVisualStudioVersion = 10.0.40219.1
Project("{9A19103F-16F7-4668-BE54-9A1E7A4F7556}") = "OrderAPI", "OrderAPI\OrderAPI.csproj", "{92C41C19-B344-461E-8C86-18DA9D08DF98}"
EndProject
Project("{9A19103F-16F7-4668-BE54-9A1E7A4F7556}") = "Infrastructure", "..\Common\Infrastructure\Infrastructure.csproj", "{3C13CB7F-BFF0-440A-9C3F-64F3199141A2}"
EndProject
Project("{9A19103F-16F7-4668-BE54-9A1E7A4F7556}") = "ApplicationCore", "..\Common\ApplicationCore\ApplicationCore.csproj", "{946C9E8C-C179-40FF-B123-B023F68388EB}"
EndProject
Project("{FAE04EC0-301F-11D3-BF4B-00C04F79EFBC}") = "OrderAPI.UnitTests", "OrderAPI.UnitTests\OrderAPI.UnitTests.csproj", "{26606BFB-54EB-4C27-939C-062B1FFF0FA3}"
EndProject
Global
	GlobalSection(SolutionConfigurationPlatforms) = preSolution
		Debug|Any CPU = Debug|Any CPU
		Release|Any CPU = Release|Any CPU
	EndGlobalSection
	GlobalSection(ProjectConfigurationPlatforms) = postSolution
		{92C41C19-B344-461E-8C86-18DA9D08DF98}.Debug|Any CPU.ActiveCfg = Debug|Any CPU
		{92C41C19-B344-461E-8C86-18DA9D08DF98}.Debug|Any CPU.Build.0 = Debug|Any CPU
		{92C41C19-B344-461E-8C86-18DA9D08DF98}.Release|Any CPU.ActiveCfg = Release|Any CPU
		{92C41C19-B344-461E-8C86-18DA9D08DF98}.Release|Any CPU.Build.0 = Release|Any CPU
		{3C13CB7F-BFF0-440A-9C3F-64F3199141A2}.Debug|Any CPU.ActiveCfg = Debug|Any CPU
		{3C13CB7F-BFF0-440A-9C3F-64F3199141A2}.Debug|Any CPU.Build.0 = Debug|Any CPU
		{3C13CB7F-BFF0-440A-9C3F-64F3199141A2}.Release|Any CPU.ActiveCfg = Release|Any CPU
		{3C13CB7F-BFF0-440A-9C3F-64F3199141A2}.Release|Any CPU.Build.0 = Release|Any CPU
		{946C9E8C-C179-40FF-B123-B023F68388EB}.Debug|Any CPU.ActiveCfg = Debug|Any CPU
		{946C9E8C-C179-40FF-B123-B023F68388EB}.Debug|Any CPU.Build.0 = Debug|Any CPU
		{946C9E8C-C179-40FF-B123-B023F68388EB}.Release|Any CPU.ActiveCfg = Release|Any CPU
		{946C9E8C-C179-40FF-B123-B023F68388EB}.Release|Any CPU.Build.0 = Release|Any CPU
		{26606BFB-54EB-4C27-939C-062B1FFF0FA3}.Debug|Any CPU.ActiveCfg = Debug|Any CPU
		{26606BFB-54EB-4C27-939C-062B1FFF0FA3}.Debug|Any CPU.Build.0 = Debug|Any CPU
		{26606BFB-54EB-4C27-939C-062B1FFF0FA3}.Release|Any CPU.ActiveCfg = Release|Any CPU
		{26606BFB-54EB-4C27-939C-062B1FFF0FA3}.Release|Any CPU.Build.0 = Release|Any CPU
	EndGlobalSection
	GlobalSection(SolutionProperties) = preSolution
		HideSolutionNode = FALSE
	EndGlobalSection
	GlobalSection(ExtensibilityGlobals) = postSolution
		SolutionGuid = {C93BA08F-4592-4982-A731-9998D0A1D239}
	EndGlobalSection
EndGlobal
